
Microsoft Visual Studio Solution File, Format Version 12.00
# Visual Studio Version 16
VisualStudioVersion = 16.0.30717.126
MinimumVisualStudioVersion = 10.0.40219.1
Project("{FAE04EC0-301F-11D3-BF4B-00C04F79EFBC}") = "AuthSystem", "AuthSystem\AuthSystem.csproj", "{40360FA4-336A-4772-B05F-D441EED1FF89}"
EndProject
Global
	GlobalSection(SolutionConfigurationPlatforms) = preSolution
		Debug|Any CPU = Debug|Any CPU
		Release|Any CPU = Release|Any CPU
	EndGlobalSection
	GlobalSection(ProjectConfigurationPlatforms) = postSolution
		{40360FA4-336A-4772-B05F-D441EED1FF89}.Debug|Any CPU.ActiveCfg = Debug|Any CPU
		{40360FA4-336A-4772-B05F-D441EED1FF89}.Debug|Any CPU.Build.0 = Debug|Any CPU
		{40360FA4-336A-4772-B05F-D441EED1FF89}.Release|Any CPU.ActiveCfg = Release|Any CPU
		{40360FA4-336A-4772-B05F-D441EED1FF89}.Release|Any CPU.Build.0 = Release|Any CPU
	EndGlobalSection
	GlobalSection(SolutionProperties) = preSolution
		HideSolutionNode = FALSE
	EndGlobalSection
	GlobalSection(ExtensibilityGlobals) = postSolution
		SolutionGuid = {814A638A-F9E4-43AE-A405-63922CED0A49}
	EndGlobalSection
EndGlobal
